
Microsoft Visual Studio Solution File, Format Version 12.00
# Visual Studio Version 16
VisualStudioVersion = 16.0.30320.27
MinimumVisualStudioVersion = 10.0.40219.1
Project("{9A19103F-16F7-4668-BE54-9A1E7A4F7556}") = "BlazorServer", "BlazorServer\BlazorServer.csproj", "{20691F04-E5CB-4120-9A18-8B2842B1A111}"
EndProject
Project("{9A19103F-16F7-4668-BE54-9A1E7A4F7556}") = "DataLibrary", "DataLibrary\DataLibrary.csproj", "{18C9C7AA-7F91-4D69-BD18-83BE998FDEA0}"
EndProject
Global
	GlobalSection(SolutionConfigurationPlatforms) = preSolution
		Debug|Any CPU = Debug|Any CPU
		Release|Any CPU = Release|Any CPU
	EndGlobalSection
	GlobalSection(ProjectConfigurationPlatforms) = postSolution
		{20691F04-E5CB-4120-9A18-8B2842B1A111}.Debug|Any CPU.ActiveCfg = Debug|Any CPU
		{20691F04-E5CB-4120-9A18-8B2842B1A111}.Debug|Any CPU.Build.0 = Debug|Any CPU
		{20691F04-E5CB-4120-9A18-8B2842B1A111}.Release|Any CPU.ActiveCfg = Release|Any CPU
		{20691F04-E5CB-4120-9A18-8B2842B1A111}.Release|Any CPU.Build.0 = Release|Any CPU
		{18C9C7AA-7F91-4D69-BD18-83BE998FDEA0}.Debug|Any CPU.ActiveCfg = Debug|Any CPU
		{18C9C7AA-7F91-4D69-BD18-83BE998FDEA0}.Debug|Any CPU.Build.0 = Debug|Any CPU
		{18C9C7AA-7F91-4D69-BD18-83BE998FDEA0}.Release|Any CPU.ActiveCfg = Release|Any CPU
		{18C9C7AA-7F91-4D69-BD18-83BE998FDEA0}.Release|Any CPU.Build.0 = Release|Any CPU
	EndGlobalSection
	GlobalSection(SolutionProperties) = preSolution
		HideSolutionNode = FALSE
	EndGlobalSection
	GlobalSection(ExtensibilityGlobals) = postSolution
		SolutionGuid = {481C84B5-D97C-4B38-B19C-1160C2D88271}
	EndGlobalSection
EndGlobal
